
Microsoft Visual Studio Solution File, Format Version 12.00
# Visual Studio Version 16
VisualStudioVersion = 16.0.29215.179
MinimumVisualStudioVersion = 10.0.40219.1
Project("{FAE04EC0-301F-11D3-BF4B-00C04F79EFBC}") = "Yansoft.Jwt", "Yansoft.Jwt\Yansoft.Jwt.csproj", "{58F91AB8-542F-4CF2-AE99-E24997AEDE24}"
EndProject
Project("{FAE04EC0-301F-11D3-BF4B-00C04F79EFBC}") = "Yansoft.Jwt.Extensions", "Yansoft.Jwt.Extensions\Yansoft.Jwt.Extensions.csproj", "{5C83F22C-1F8F-44B3-A78E-7D7BF6C5BC6A}"
EndProject
Project("{FAE04EC0-301F-11D3-BF4B-00C04F79EFBC}") = "Yansoft.Jwt.Identity", "Yansoft.Jwt.Identity\Yansoft.Jwt.Identity.csproj", "{58DFAC3F-E843-40A5-AE7E-3812250ECA43}"
EndProject
Project("{FAE04EC0-301F-11D3-BF4B-00C04F79EFBC}") = "Yansoft.Jwt.EF", "Yansoft.Jwt.EF\Yansoft.Jwt.EF.csproj", "{7182C9F3-8A71-4CA0-8F20-EC749632E5BF}"
EndProject
Project("{FAE04EC0-301F-11D3-BF4B-00C04F79EFBC}") = "Yansoft.Jwt.All", "Yansoft.Jwt.All\Yansoft.Jwt.All.csproj", "{47824FAC-9CBC-4413-83D2-17F5F8045BD9}"
EndProject
Global
	GlobalSection(SolutionConfigurationPlatforms) = preSolution
		Debug|Any CPU = Debug|Any CPU
		Release|Any CPU = Release|Any CPU
	EndGlobalSection
	GlobalSection(ProjectConfigurationPlatforms) = postSolution
		{58F91AB8-542F-4CF2-AE99-E24997AEDE24}.Debug|Any CPU.ActiveCfg = Debug|Any CPU
		{58F91AB8-542F-4CF2-AE99-E24997AEDE24}.Debug|Any CPU.Build.0 = Debug|Any CPU
		{58F91AB8-542F-4CF2-AE99-E24997AEDE24}.Release|Any CPU.ActiveCfg = Release|Any CPU
		{58F91AB8-542F-4CF2-AE99-E24997AEDE24}.Release|Any CPU.Build.0 = Release|Any CPU
		{5C83F22C-1F8F-44B3-A78E-7D7BF6C5BC6A}.Debug|Any CPU.ActiveCfg = Debug|Any CPU
		{5C83F22C-1F8F-44B3-A78E-7D7BF6C5BC6A}.Debug|Any CPU.Build.0 = Debug|Any CPU
		{5C83F22C-1F8F-44B3-A78E-7D7BF6C5BC6A}.Release|Any CPU.ActiveCfg = Release|Any CPU
		{5C83F22C-1F8F-44B3-A78E-7D7BF6C5BC6A}.Release|Any CPU.Build.0 = Release|Any CPU
		{58DFAC3F-E843-40A5-AE7E-3812250ECA43}.Debug|Any CPU.ActiveCfg = Debug|Any CPU
		{58DFAC3F-E843-40A5-AE7E-3812250ECA43}.Debug|Any CPU.Build.0 = Debug|Any CPU
		{58DFAC3F-E843-40A5-AE7E-3812250ECA43}.Release|Any CPU.ActiveCfg = Release|Any CPU
		{58DFAC3F-E843-40A5-AE7E-3812250ECA43}.Release|Any CPU.Build.0 = Release|Any CPU
		{7182C9F3-8A71-4CA0-8F20-EC749632E5BF}.Debug|Any CPU.ActiveCfg = Debug|Any CPU
		{7182C9F3-8A71-4CA0-8F20-EC749632E5BF}.Debug|Any CPU.Build.0 = Debug|Any CPU
		{7182C9F3-8A71-4CA0-8F20-EC749632E5BF}.Release|Any CPU.ActiveCfg = Release|Any CPU
		{7182C9F3-8A71-4CA0-8F20-EC749632E5BF}.Release|Any CPU.Build.0 = Release|Any CPU
		{47824FAC-9CBC-4413-83D2-17F5F8045BD9}.Debug|Any CPU.ActiveCfg = Debug|Any CPU
		{47824FAC-9CBC-4413-83D2-17F5F8045BD9}.Debug|Any CPU.Build.0 = Debug|Any CPU
		{47824FAC-9CBC-4413-83D2-17F5F8045BD9}.Release|Any CPU.ActiveCfg = Release|Any CPU
		{47824FAC-9CBC-4413-83D2-17F5F8045BD9}.Release|Any CPU.Build.0 = Release|Any CPU
	EndGlobalSection
	GlobalSection(SolutionProperties) = preSolution
		HideSolutionNode = FALSE
	EndGlobalSection
	GlobalSection(ExtensibilityGlobals) = postSolution
		SolutionGuid = {5057201A-0705-4DD7-9E94-83C033F50FAB}
	EndGlobalSection
EndGlobal
